
Microsoft Visual Studio Solution File, Format Version 12.00
# Visual Studio Version 17
VisualStudioVersion = 17.14.36603.0
MinimumVisualStudioVersion = 10.0.40219.1
Project("{FAE04EC0-301F-11D3-BF4B-00C04F79EFBC}") = "FirstLambda", "FirstLambda\FirstLambda.csproj", "{848AB2C7-29A4-9541-397D-BA103F527E1E}"
EndProject
Project("{FAE04EC0-301F-11D3-BF4B-00C04F79EFBC}") = "HelloWorld", "HelloWorld\HelloWorld.csproj", "{3A798C92-DA22-B784-11D5-249F2DEA19E6}"
EndProject
Project("{FAE04EC0-301F-11D3-BF4B-00C04F79EFBC}") = "StudentManagement", "Student-Management\StudentManagement.csproj", "{9E151251-62DC-D7DB-FD2D-A06EE6D875E7}"
EndProject
Global
	GlobalSection(SolutionConfigurationPlatforms) = preSolution
		Debug|Any CPU = Debug|Any CPU
		Release|Any CPU = Release|Any CPU
	EndGlobalSection
	GlobalSection(ProjectConfigurationPlatforms) = postSolution
		{848AB2C7-29A4-9541-397D-BA103F527E1E}.Debug|Any CPU.ActiveCfg = Debug|Any CPU
		{848AB2C7-29A4-9541-397D-BA103F527E1E}.Debug|Any CPU.Build.0 = Debug|Any CPU
		{848AB2C7-29A4-9541-397D-BA103F527E1E}.Release|Any CPU.ActiveCfg = Release|Any CPU
		{848AB2C7-29A4-9541-397D-BA103F527E1E}.Release|Any CPU.Build.0 = Release|Any CPU
		{3A798C92-DA22-B784-11D5-249F2DEA19E6}.Debug|Any CPU.ActiveCfg = Debug|Any CPU
		{3A798C92-DA22-B784-11D5-249F2DEA19E6}.Debug|Any CPU.Build.0 = Debug|Any CPU
		{3A798C92-DA22-B784-11D5-249F2DEA19E6}.Release|Any CPU.ActiveCfg = Release|Any CPU
		{3A798C92-DA22-B784-11D5-249F2DEA19E6}.Release|Any CPU.Build.0 = Release|Any CPU
		{9E151251-62DC-D7DB-FD2D-A06EE6D875E7}.Debug|Any CPU.ActiveCfg = Debug|Any CPU
		{9E151251-62DC-D7DB-FD2D-A06EE6D875E7}.Debug|Any CPU.Build.0 = Debug|Any CPU
		{9E151251-62DC-D7DB-FD2D-A06EE6D875E7}.Release|Any CPU.ActiveCfg = Release|Any CPU
		{9E151251-62DC-D7DB-FD2D-A06EE6D875E7}.Release|Any CPU.Build.0 = Release|Any CPU
	EndGlobalSection
	GlobalSection(SolutionProperties) = preSolution
		HideSolutionNode = FALSE
	EndGlobalSection
	GlobalSection(ExtensibilityGlobals) = postSolution
		SolutionGuid = {62E4559E-0786-4BFE-AAC6-4127AE126BEC}
	EndGlobalSection
EndGlobal
